
Microsoft Visual Studio Solution File, Format Version 12.00
# Visual Studio Version 17
VisualStudioVersion = 17.3.32825.248
MinimumVisualStudioVersion = 10.0.40219.1
Project("{FAE04EC0-301F-11D3-BF4B-00C04F79EFBC}") = "ConsoleClientForWSA", "ConsoleClientForWSA.csproj", "{D23CFC9B-E5F1-4616-8C0C-3BAC0433618C}"
EndProject
Project("{FAE04EC0-301F-11D3-BF4B-00C04F79EFBC}") = "Web Service Application", "..\Web Service Application\Web Service Application.csproj", "{A60C0121-3EBA-4DAB-AE53-25FA514D5964}"
EndProject
Global
	GlobalSection(SolutionConfigurationPlatforms) = preSolution
		Debug|Any CPU = Debug|Any CPU
		Release|Any CPU = Release|Any CPU
	EndGlobalSection
	GlobalSection(ProjectConfigurationPlatforms) = postSolution
		{D23CFC9B-E5F1-4616-8C0C-3BAC0433618C}.Debug|Any CPU.ActiveCfg = Debug|Any CPU
		{D23CFC9B-E5F1-4616-8C0C-3BAC0433618C}.Debug|Any CPU.Build.0 = Debug|Any CPU
		{D23CFC9B-E5F1-4616-8C0C-3BAC0433618C}.Release|Any CPU.ActiveCfg = Release|Any CPU
		{D23CFC9B-E5F1-4616-8C0C-3BAC0433618C}.Release|Any CPU.Build.0 = Release|Any CPU
		{A60C0121-3EBA-4DAB-AE53-25FA514D5964}.Debug|Any CPU.ActiveCfg = Debug|Any CPU
		{A60C0121-3EBA-4DAB-AE53-25FA514D5964}.Debug|Any CPU.Build.0 = Debug|Any CPU
		{A60C0121-3EBA-4DAB-AE53-25FA514D5964}.Release|Any CPU.ActiveCfg = Release|Any CPU
		{A60C0121-3EBA-4DAB-AE53-25FA514D5964}.Release|Any CPU.Build.0 = Release|Any CPU
	EndGlobalSection
	GlobalSection(SolutionProperties) = preSolution
		HideSolutionNode = FALSE
	EndGlobalSection
	GlobalSection(ExtensibilityGlobals) = postSolution
		SolutionGuid = {A2C7783E-0C95-4554-A0D3-30B7D6937CC9}
	EndGlobalSection
EndGlobal
